
Microsoft Visual Studio Solution File, Format Version 11.00
# Visual Studio 2010
Project("{FAE04EC0-301F-11D3-BF4B-00C04F79EFBC}") = "BatCave-Part2", "Assembly-CSharp.csproj", "{69B93239-32FB-3F32-B9C1-BAF4B658A902}"
EndProject
Project("{FAE04EC0-301F-11D3-BF4B-00C04F79EFBC}") = "BatCave-Part2", "Assembly-CSharp-Editor.csproj", "{9C66B196-04A8-423F-E0FF-69FB2E1DAEEA}"
EndProject
Global
	GlobalSection(SolutionConfigurationPlatforms) = preSolution
		Debug|Any CPU = Debug|Any CPU
		Release|Any CPU = Release|Any CPU
	EndGlobalSection
	GlobalSection(ProjectConfigurationPlatforms) = postSolution
		{69B93239-32FB-3F32-B9C1-BAF4B658A902}.Debug|Any CPU.ActiveCfg = Debug|Any CPU
		{69B93239-32FB-3F32-B9C1-BAF4B658A902}.Debug|Any CPU.Build.0 = Debug|Any CPU
		{69B93239-32FB-3F32-B9C1-BAF4B658A902}.Release|Any CPU.ActiveCfg = Release|Any CPU
		{69B93239-32FB-3F32-B9C1-BAF4B658A902}.Release|Any CPU.Build.0 = Release|Any CPU
		{9C66B196-04A8-423F-E0FF-69FB2E1DAEEA}.Debug|Any CPU.ActiveCfg = Debug|Any CPU
		{9C66B196-04A8-423F-E0FF-69FB2E1DAEEA}.Debug|Any CPU.Build.0 = Debug|Any CPU
		{9C66B196-04A8-423F-E0FF-69FB2E1DAEEA}.Release|Any CPU.ActiveCfg = Release|Any CPU
		{9C66B196-04A8-423F-E0FF-69FB2E1DAEEA}.Release|Any CPU.Build.0 = Release|Any CPU
	EndGlobalSection
	GlobalSection(SolutionProperties) = preSolution
		HideSolutionNode = FALSE
	EndGlobalSection
	GlobalSection(MonoDevelopProperties) = preSolution
		StartupItem = Assembly-CSharp.csproj
	EndGlobalSection
EndGlobal
